<?xml version="1.0" encoding="utf-8"?>
<Project ToolsVersion="4.0" xmlns="http://schemas.microsoft.com/developer/msbuild/2003">
  <ItemGroup>
    <ClCompile Include="..\..\WDL\IPlug\IPlugVST.cpp">
      <Filter>vst2</Filter>
    </ClCompile>
    <ClCompile Include="Arpeggio.cpp">
      <Filter>source</Filter>
    </ClCompile>
    <ClCompile Include="..\..\twix\source\ICControls.cpp">
      <Filter>source</Filter>
    </ClCompile>
  </ItemGroup>
  <ItemGroup>
    <ClInclude Include="..\..\WDL\IPlug\IPlugVST.h">
      <Filter>vst2</Filter>
    </ClInclude>
    <ClInclude Include="Arpeggio.h">
      <Filter>header</Filter>
    </ClInclude>
    <ClInclude Include="IPlugInfo.h">
      <Filter>header</Filter>
    </ClInclude>
    <ClInclude Include="IKnobText.h">
      <Filter>header</Filter>
    </ClInclude>
    <ClInclude Include="MidiArpeggiator.h">
      <Filter>header</Filter>
    </ClInclude>
    <ClInclude Include="resource.h">
      <Filter>rc</Filter>
    </ClInclude>
    <ClInclude Include="IKeyboardControl-Mod.h">
      <Filter>header</Filter>
    </ClInclude>
    <ClInclude Include="IBitmapButton.h">
      <Filter>header</Filter>
    </ClInclude>
    <ClInclude Include="ICControl.h">
      <Filter>header</Filter>
    </ClInclude>
    <ClInclude Include="ICControls.h">
      <Filter>header</Filter>
    </ClInclude>
    <ClInclude Include="IColDetail.h">
      <Filter>header</Filter>
    </ClInclude>
    <ClInclude Include="IColNumber.h">
      <Filter>header</Filter>
    </ClInclude>
    <ClInclude Include="ICPanelControl.h">
      <Filter>header</Filter>
    </ClInclude>
    <ClInclude Include="IFloatNumberPanel.h">
      <Filter>header</Filter>
    </ClInclude>
    <ClInclude Include="IRenderHelper.h">
      <Filter>header</Filter>
    </ClInclude>
    <ClInclude Include="MidiNode.h">
      <Filter>header</Filter>
    </ClInclude>
    <ClInclude Include="on.defs.h">
      <Filter>header</Filter>
    </ClInclude>
    <ClInclude Include="SortedInt.h">
      <Filter>header</Filter>
    </ClInclude>
    <ClInclude Include="tfwio.h">
      <Filter>header</Filter>
    </ClInclude>
    <ClInclude Include="TimingInterval.h">
      <Filter>header</Filter>
    </ClInclude>
  </ItemGroup>
  <ItemGroup>
    <Filter Include="vst2">
      <UniqueIdentifier>{ea16de74-9d15-4c60-ba09-d0924088d3e5}</UniqueIdentifier>
    </Filter>
    <Filter Include="source">
      <UniqueIdentifier>{3b70fdaa-eb44-4416-9934-d28ae787bef7}</UniqueIdentifier>
      <Extensions>c;cxx;cpp;cc</Extensions>
    </Filter>
    <Filter Include="header">
      <UniqueIdentifier>{3c380386-fee9-461b-b259-3c9081c57e57}</UniqueIdentifier>
      <Extensions>h;hpp;hh</Extensions>
    </Filter>
    <Filter Include="rc">
      <UniqueIdentifier>{ad3e238e-5613-4632-9eec-d35380e535a1}</UniqueIdentifier>
      <Extensions>rc</Extensions>
    </Filter>
  </ItemGroup>
  <ItemGroup>
    <ResourceCompile Include="Arpeggio.rc">
      <Filter>rc</Filter>
    </ResourceCompile>
  </ItemGroup>
</Project>